// !$*UTF8*$!
{
	archiveVersion = 1;
	classes = {
	};
	objectVersion = 46;
	objects = {

/* Begin PBXBuildFile section */
		3D58986A1DB72F1100D2BB2E /* AppDelegate.swift in Sources */ = {isa = PBXBuildFile; fileRef = 3D5898691DB72F1100D2BB2E /* AppDelegate.swift */; };
		3D58986C1DB72F1100D2BB2E /* ViewController.swift in Sources */ = {isa = PBXBuildFile; fileRef = 3D58986B1DB72F1100D2BB2E /* ViewController.swift */; };
		3D58986F1DB72F1100D2BB2E /* Main.storyboard in Resources */ = {isa = PBXBuildFile; fileRef = 3D58986D1DB72F1100D2BB2E /* Main.storyboard */; };
		3D5898711DB72F1100D2BB2E /* Assets.xcassets in Resources */ = {isa = PBXBuildFile; fileRef = 3D5898701DB72F1100D2BB2E /* Assets.xcassets */; };
		3D5898741DB72F1100D2BB2E /* LaunchScreen.storyboard in Resources */ = {isa = PBXBuildFile; fileRef = 3D5898721DB72F1100D2BB2E /* LaunchScreen.storyboard */; };
/* End PBXBuildFile section */

/* Begin PBXFileReference section */
		3D5898661DB72F1100D2BB2E /* MovieFinderApp.app */ = {isa = PBXFileReference; explicitFileType = wrapper.application; includeInIndex = 0; path = MovieFinderApp.app; sourceTree = BUILT_PRODUCTS_DIR; };
		3D5898691DB72F1100D2BB2E /* AppDelegate.swift */ = {isa = PBXFileReference; lastKnownFileType = sourcecode.swift; path = AppDelegate.swift; sourceTree = "<group>"; };
		3D58986B1DB72F1100D2BB2E /* ViewController.swift */ = {isa = PBXFileReference; lastKnownFileType = sourcecode.swift; path = ViewController.swift; sourceTree = "<group>"; };
		3D58986E1DB72F1100D2BB2E /* Base */ = {isa = PBXFileReference; lastKnownFileType = file.storyboard; name = Base; path = Base.lproj/Main.storyboard; sourceTree = "<group>"; };
		3D5898701DB72F1100D2BB2E /* Assets.xcassets */ = {isa = PBXFileReference; lastKnownFileType = folder.assetcatalog; path = Assets.xcassets; sourceTree = "<group>"; };
		3D5898731DB72F1100D2BB2E /* Base */ = {isa = PBXFileReference; lastKnownFileType = file.storyboard; name = Base; path = Base.lproj/LaunchScreen.storyboard; sourceTree = "<group>"; };
		3D5898751DB72F1100D2BB2E /* Info.plist */ = {isa = PBXFileReference; lastKnownFileType = text.plist.xml; path = Info.plist; sourceTree = "<group>"; };
/* End PBXFileReference section */

/* Begin PBXFrameworksBuildPhase section */
		3D5898631DB72F1100D2BB2E /* Frameworks */ = {
			isa = PBXFrameworksBuildPhase;
			buildActionMask = 2147483647;
			files = (
			);
			runOnlyForDeploymentPostprocessing = 0;
		};
/* End PBXFrameworksBuildPhase section */

/* Begin PBXGroup section */
		3D58985D1DB72F1100D2BB2E = {
			isa = PBXGroup;
			children = (
				3D5898681DB72F1100D2BB2E /* MovieFinderApp */,
				3D5898671DB72F1100D2BB2E /* Products */,
			);
			sourceTree = "<group>";
		};
		3D5898671DB72F1100D2BB2E /* Products */ = {
			isa = PBXGroup;
			children = (
				3D5898661DB72F1100D2BB2E /* MovieFinderApp.app */,
			);
			name = Products;
			sourceTree = "<group>";
		};
		3D5898681DB72F1100D2BB2E /* MovieFinderApp */ = {
			isa = PBXGroup;
			children = (
				3D5898691DB72F1100D2BB2E /* AppDelegate.swift */,
				3D58986B1DB72F1100D2BB2E /* ViewController.swift */,
				3D58986D1DB72F1100D2BB2E /* Main.storyboard */,
				3D5898701DB72F1100D2BB2E /* Assets.xcassets */,
				3D5898721DB72F1100D2BB2E /* LaunchScreen.storyboard */,
				3D5898751DB72F1100D2BB2E /* Info.plist */,
			);
			path = MovieFinderApp;
			sourceTree = "<group>";
		};
/* End PBXGroup section */

/* Begin PBXNativeTarget section */
		3D5898651DB72F1100D2BB2E /* MovieFinderApp */ = {
			isa = PBXNativeTarget;
			buildConfigurationList = 3D5898781DB72F1100D2BB2E /* Build configuration list for PBXNativeTarget "MovieFinderApp" */;
			buildPhases = (
				3D5898621DB72F1100D2BB2E /* Sources */,
				3D5898631DB72F1100D2BB2E /* Frameworks */,
				3D5898641DB72F1100D2BB2E /* Resources */,
			);
			buildRules = (
			);
			dependencies = (
			);
			name = MovieFinderApp;
			productName = MovieFinderApp;
			productReference = 3D5898661DB72F1100D2BB2E /* MovieFinderApp.app */;
			productType = "com.apple.product-type.application";
		};
/* End PBXNativeTarget section */

/* Begin PBXProject section */
		3D58985E1DB72F1100D2BB2E /* Project object */ = {
			isa = PBXProject;
			attributes = {
				LastSwiftUpdateCheck = 0800;
				LastUpgradeCheck = 0800;
				ORGANIZATIONNAME = Sanjay;
				TargetAttributes = {
					3D5898651DB72F1100D2BB2E = {
						CreatedOnToolsVersion = 8.0;
						ProvisioningStyle = Automatic;
					};
				};
			};
			buildConfigurationList = 3D5898611DB72F1100D2BB2E /* Build configuration list for PBXProject "MovieFinderApp" */;
			compatibilityVersion = "Xcode 3.2";
			developmentRegion = English;
			hasScannedForEncodings = 0;
			knownRegions = (
				en,
				Base,
			);
			mainGroup = 3D58985D1DB72F1100D2BB2E;
			productRefGroup = 3D5898671DB72F1100D2BB2E /* Products */;
			projectDirPath = "";
			projectRoot = "";
			targets = (
				3D5898651DB72F1100D2BB2E /* MovieFinderApp */,
			);
		};
/* End PBXProject section */

/* Begin PBXResourcesBuildPhase section */
		3D5898641DB72F1100D2BB2E /* Resources */ = {
			isa = PBXResourcesBuildPhase;
			buildActionMask = 2147483647;
			files = (
				3D5898741DB72F1100D2BB2E /* LaunchScreen.storyboard in Resources */,
				3D5898711DB72F1100D2BB2E /* Assets.xcassets in Resources */,
				3D58986F1DB72F1100D2BB2E /* Main.storyboard in Resources */,
			);
			runOnlyForDeploymentPostprocessing = 0;
		};
/* End PBXResourcesBuildPhase section */

/* Begin PBXSourcesBuildPhase section */
		3D5898621DB72F1100D2BB2E /* Sources */ = {
			isa = PBXSourcesBuildPhase;
			buildActionMask = 2147483647;
			files = (
				3D58986C1DB72F1100D2BB2E /* ViewController.swift in Sources */,
				3D58986A1DB72F1100D2BB2E /* AppDelegate.swift in Sources */,
			);
			runOnlyForDeploymentPostprocessing = 0;
		};
/* End PBXSourcesBuildPhase section */

/* Begin PBXVariantGroup section */
		3D58986D1DB72F1100D2BB2E /* Main.storyboard */ = {
			isa = PBXVariantGroup;
			children = (
				3D58986E1DB72F1100D2BB2E /* Base */,
			);
			name = Main.storyboard;
			sourceTree = "<group>";
		};
		3D5898721DB72F1100D2BB2E /* LaunchScreen.storyboard */ = {
			isa = PBXVariantGroup;
			children = (
				3D5898731DB72F1100D2BB2E /* Base */,
			);
			name = LaunchScreen.storyboard;
			sourceTree = "<group>";
		};
/* End PBXVariantGroup section */

/* Begin XCBuildConfiguration section */
		3D5898761DB72F1100D2BB2E /* Debug */ = {
			isa = XCBuildConfiguration;
			buildSettings = {
				ALWAYS_SEARCH_USER_PATHS = NO;
				CLANG_ANALYZER_NONNULL = YES;
				CLANG_CXX_LANGUAGE_STANDARD = "gnu++0x";
				CLANG_CXX_LIBRARY = "libc++";
				CLANG_ENABLE_MODULES = YES;
				CLANG_ENABLE_OBJC_ARC = YES;
				CLANG_WARN_BOOL_CONVERSION = YES;
				CLANG_WARN_CONSTANT_CONVERSION = YES;
				CLANG_WARN_DIRECT_OBJC_ISA_USAGE = YES_ERROR;
				CLANG_WARN_DOCUMENTATION_COMMENTS = YES;
				CLANG_WARN_EMPTY_BODY = YES;
				CLANG_WARN_ENUM_CONVERSION = YES;
				CLANG_WARN_INFINITE_RECURSION = YES;
				CLANG_WARN_INT_CONVERSION = YES;
				CLANG_WARN_OBJC_ROOT_CLASS = YES_ERROR;
				CLANG_WARN_SUSPICIOUS_MOVES = YES;
				CLANG_WARN_UNREACHABLE_CODE = YES;
				CLANG_WARN__DUPLICATE_METHOD_MATCH = YES;
				"CODE_SIGN_IDENTITY[sdk=iphoneos*]" = "iPhone Developer";
				COPY_PHASE_STRIP = NO;
				DEBUG_INFORMATION_FORMAT = dwarf;
				ENABLE_STRICT_OBJC_MSGSEND = YES;
				ENABLE_TESTABILITY = YES;
				GCC_C_LANGUAGE_STANDARD = gnu99;
				GCC_DYNAMIC_NO_PIC = NO;
				GCC_NO_COMMON_BLOCKS = YES;
				GCC_OPTIMIZATION_LEVEL = 0;
				GCC_PREPROCESSOR_DEFINITIONS = (
					"DEBUG=1",
					"$(inherited)",
				);
				GCC_WARN_64_TO_32_BIT_CONVERSION = YES;
				GCC_WARN_ABOUT_RETURN_TYPE = YES_ERROR;
				GCC_WARN_UNDECLARED_SELECTOR = YES;
				GCC_WARN_UNINITIALIZED_AUTOS = YES_AGGRESSIVE;
				GCC_WARN_UNUSED_FUNCTION = YES;
				GCC_WARN_UNUSED_VARIABLE = YES;
				IPHONEOS_DEPLOYMENT_TARGET = 10.0;
				MTL_ENABLE_DEBUG_INFO = YES;
				ONLY_ACTIVE_ARCH = YES;
				SDKROOT = iphoneos;
				SWIFT_ACTIVE_COMPILATION_CONDITIONS = DEBUG;
				SWIFT_OPTIMIZATION_LEVEL = "-Onone";
				TARGETED_DEVICE_FAMILY = "1,2";
			};
			name = Debug;
		};
		3D5898771DB72F1100D2BB2E /* Release */ = {
			isa = XCBuildConfiguration;
			buildSettings = {
				ALWAYS_SEARCH_USER_PATHS = NO;
				CLANG_ANALYZER_NONNULL = YES;
				CLANG_CXX_LANGUAGE_STANDARD = "gnu++0x";
				CLANG_CXX_LIBRARY = "libc++";
				CLANG_ENABLE_MODULES = YES;
				CLANG_ENABLE_OBJC_ARC = YES;
				CLANG_WARN_BOOL_CONVERSION = YES;
				CLANG_WARN_CONSTANT_CONVERSION = YES;
				CLANG_WARN_DIRECT_OBJC_ISA_USAGE = YES_ERROR;
				CLANG_WARN_DOCUMENTATION_COMMENTS = YES;
				CLANG_WARN_EMPTY_BODY = YES;
				CLANG_WARN_ENUM_CONVERSION = YES;
				CLANG_WARN_INFINITE_RECURSION = YES;
				CLANG_WARN_INT_CONVERSION = YES;
				CLANG_WARN_OBJC_ROOT_CLASS = YES_ERROR;
				CLANG_WARN_SUSPICIOUS_MOVES = YES;
				CLANG_WARN_UNREACHABLE_CODE = YES;
				CLANG_WARN__DUPLICATE_METHOD_MATCH = YES;
				"CODE_SIGN_IDENTITY[sdk=iphoneos*]" = "iPhone Developer";
				COPY_PHASE_STRIP = NO;
				DEBUG_INFORMATION_FORMAT = "dwarf-with-dsym";
				ENABLE_NS_ASSERTIONS = NO;
				ENABLE_STRICT_OBJC_MSGSEND = YES;
				GCC_C_LANGUAGE_STANDARD = gnu99;
				GCC_NO_COMMON_BLOCKS = YES;
				GCC_WARN_64_TO_32_BIT_CONVERSION = YES;
				GCC_WARN_ABOUT_RETURN_TYPE = YES_ERROR;
				GCC_WARN_UNDECLARED_SELECTOR = YES;
				GCC_WARN_UNINITIALIZED_AUTOS = YES_AGGRESSIVE;
				GCC_WARN_UNUSED_FUNCTION = YES;
				GCC_WARN_UNUSED_VARIABLE = YES;
				IPHONEOS_DEPLOYMENT_TARGET = 10.0;
				MTL_ENABLE_DEBUG_INFO = NO;
				SDKROOT = iphoneos;
				SWIFT_OPTIMIZATION_LEVEL = "-Owholemodule";
				TARGETED_DEVICE_FAMILY = "1,2";
				VALIDATE_PRODUCT = YES;
			};
			name = Release;
		};
		3D5898791DB72F1100D2BB2E /* Debug */ = {
			isa = XCBuildConfiguration;
			buildSettings = {
				ASSETCATALOG_COMPILER_APPICON_NAME = AppIcon;
				INFOPLIST_FILE = MovieFinderApp/Info.plist;
				LD_RUNPATH_SEARCH_PATHS = "$(inherited) @executable_path/Frameworks";
				PRODUCT_BUNDLE_IDENTIFIER = com.theiOSDeveloper.MovieFinderApp;
				PRODUCT_NAME = "$(TARGET_NAME)";
				SWIFT_VERSION = 3.0;
			};
			name = Debug;
		};
		3D58987A1DB72F1100D2BB2E /* Release */ = {
			isa = XCBuildConfiguration;
			buildSettings = {
				ASSETCATALOG_COMPILER_APPICON_NAME = AppIcon;
				INFOPLIST_FILE = MovieFinderApp/Info.plist;
				LD_RUNPATH_SEARCH_PATHS = "$(inherited) @executable_path/Frameworks";
				PRODUCT_BUNDLE_IDENTIFIER = com.theiOSDeveloper.MovieFinderApp;
				PRODUCT_NAME = "$(TARGET_NAME)";
				SWIFT_VERSION = 3.0;
			};
			name = Release;
		};
/* End XCBuildConfiguration section */

/* Begin XCConfigurationList section */
		3D5898611DB72F1100D2BB2E /* Build configuration list for PBXProject "MovieFinderApp" */ = {
			isa = XCConfigurationList;
			buildConfigurations = (
				3D5898761DB72F1100D2BB2E /* Debug */,
				3D5898771DB72F1100D2BB2E /* Release */,
			);
			defaultConfigurationIsVisible = 0;
			defaultConfigurationName = Release;
		};
		3D5898781DB72F1100D2BB2E /* Build configuration list for PBXNativeTarget "MovieFinderApp" */ = {
			isa = XCConfigurationList;
			buildConfigurations = (
				3D5898791DB72F1100D2BB2E /* Debug */,
				3D58987A1DB72F1100D2BB2E /* Release */,
			);
			defaultConfigurationIsVisible = 0;
		};
/* End XCConfigurationList section */
	};
	rootObject = 3D58985E1DB72F1100D2BB2E /* Project object */;
}
